
Microsoft Visual Studio Solution File, Format Version 12.00
# Visual Studio 14
VisualStudioVersion = 14.0.24720.0
MinimumVisualStudioVersion = 10.0.40219.1
Project("{FAE04EC0-301F-11D3-BF4B-00C04F79EFBC}") = "MarkovLib", "MarkovLib\MarkovLib.csproj", "{3CC7E374-A76E-4C05-AAC0-3D5257159D14}"
EndProject
Project("{FAE04EC0-301F-11D3-BF4B-00C04F79EFBC}") = "SentenceGenerator", "SentenceGenerator\SentenceGenerator.csproj", "{6325FA0C-165F-4590-8B80-9B39A883095C}"
EndProject
Global
	GlobalSection(SolutionConfigurationPlatforms) = preSolution
		Debug|Any CPU = Debug|Any CPU
		Release|Any CPU = Release|Any CPU
	EndGlobalSection
	GlobalSection(ProjectConfigurationPlatforms) = postSolution
		{3CC7E374-A76E-4C05-AAC0-3D5257159D14}.Debug|Any CPU.ActiveCfg = Debug|Any CPU
		{3CC7E374-A76E-4C05-AAC0-3D5257159D14}.Debug|Any CPU.Build.0 = Debug|Any CPU
		{3CC7E374-A76E-4C05-AAC0-3D5257159D14}.Release|Any CPU.ActiveCfg = Release|Any CPU
		{3CC7E374-A76E-4C05-AAC0-3D5257159D14}.Release|Any CPU.Build.0 = Release|Any CPU
		{6325FA0C-165F-4590-8B80-9B39A883095C}.Debug|Any CPU.ActiveCfg = Debug|Any CPU
		{6325FA0C-165F-4590-8B80-9B39A883095C}.Debug|Any CPU.Build.0 = Debug|Any CPU
		{6325FA0C-165F-4590-8B80-9B39A883095C}.Release|Any CPU.ActiveCfg = Release|Any CPU
		{6325FA0C-165F-4590-8B80-9B39A883095C}.Release|Any CPU.Build.0 = Release|Any CPU
	EndGlobalSection
	GlobalSection(SolutionProperties) = preSolution
		HideSolutionNode = FALSE
	EndGlobalSection
EndGlobal
